
Microsoft Visual Studio Solution File, Format Version 12.00
# Visual Studio Version 17
VisualStudioVersion = 17.14.36109.1 d17.14
MinimumVisualStudioVersion = 10.0.40219.1
Project("{FAE04EC0-301F-11D3-BF4B-00C04F79EFBC}") = "DigitalBankAPI", "DigitalBankAPI\DigitalBankAPI.csproj", "{6E5A627F-07D3-4DA3-9712-03BB9850BA4E}"
EndProject
Global
	GlobalSection(SolutionConfigurationPlatforms) = preSolution
		Debug|Any CPU = Debug|Any CPU
		Release|Any CPU = Release|Any CPU
	EndGlobalSection
	GlobalSection(ProjectConfigurationPlatforms) = postSolution
		{6E5A627F-07D3-4DA3-9712-03BB9850BA4E}.Debug|Any CPU.ActiveCfg = Debug|Any CPU
		{6E5A627F-07D3-4DA3-9712-03BB9850BA4E}.Debug|Any CPU.Build.0 = Debug|Any CPU
		{6E5A627F-07D3-4DA3-9712-03BB9850BA4E}.Release|Any CPU.ActiveCfg = Release|Any CPU
		{6E5A627F-07D3-4DA3-9712-03BB9850BA4E}.Release|Any CPU.Build.0 = Release|Any CPU
	EndGlobalSection
	GlobalSection(SolutionProperties) = preSolution
		HideSolutionNode = FALSE
	EndGlobalSection
	GlobalSection(ExtensibilityGlobals) = postSolution
		SolutionGuid = {72492958-8F64-403E-8F72-3E077868C337}
	EndGlobalSection
EndGlobal
